// !$*UTF8*$!
{
	archiveVersion = 1;
	classes = {
	};
	objectVersion = 55;
	objects = {

/* Begin PBXBuildFile section */
		30E191EA281BC6FC00CB74D4 /* AppDelegate.swift in Sources */ = {isa = PBXBuildFile; fileRef = 30E191E9281BC6FC00CB74D4 /* AppDelegate.swift */; };
		30E191EC281BC6FC00CB74D4 /* SceneDelegate.swift in Sources */ = {isa = PBXBuildFile; fileRef = 30E191EB281BC6FC00CB74D4 /* SceneDelegate.swift */; };
		30E191EE281BC6FC00CB74D4 /* ViewController.swift in Sources */ = {isa = PBXBuildFile; fileRef = 30E191ED281BC6FC00CB74D4 /* ViewController.swift */; };
		30E191F1281BC6FC00CB74D4 /* Main.storyboard in Resources */ = {isa = PBXBuildFile; fileRef = 30E191EF281BC6FC00CB74D4 /* Main.storyboard */; };
		30E191F3281BC6FE00CB74D4 /* Assets.xcassets in Resources */ = {isa = PBXBuildFile; fileRef = 30E191F2281BC6FE00CB74D4 /* Assets.xcassets */; };
		30E191F6281BC6FE00CB74D4 /* LaunchScreen.storyboard in Resources */ = {isa = PBXBuildFile; fileRef = 30E191F4281BC6FE00CB74D4 /* LaunchScreen.storyboard */; };
		30E19206281BCE2A00CB74D4 /* APIKit.docc in Sources */ = {isa = PBXBuildFile; fileRef = 30E19205281BCE2A00CB74D4 /* APIKit.docc */; };
		30E1920C281BCE2A00CB74D4 /* APIKit.framework in Frameworks */ = {isa = PBXBuildFile; fileRef = 30E19202281BCE2900CB74D4 /* APIKit.framework */; };
		30E19213281BCE2A00CB74D4 /* APIKitTests.swift in Sources */ = {isa = PBXBuildFile; fileRef = 30E19212281BCE2A00CB74D4 /* APIKitTests.swift */; };
		30E19214281BCE2A00CB74D4 /* APIKit.h in Headers */ = {isa = PBXBuildFile; fileRef = 30E19204281BCE2A00CB74D4 /* APIKit.h */; settings = {ATTRIBUTES = (Public, ); }; };
		30E19217281BCE2A00CB74D4 /* APIKit.framework in Frameworks */ = {isa = PBXBuildFile; fileRef = 30E19202281BCE2900CB74D4 /* APIKit.framework */; };
		30E19218281BCE2A00CB74D4 /* APIKit.framework in Embed Frameworks */ = {isa = PBXBuildFile; fileRef = 30E19202281BCE2900CB74D4 /* APIKit.framework */; settings = {ATTRIBUTES = (CodeSignOnCopy, RemoveHeadersOnCopy, ); }; };
		30E19221281BCE7500CB74D4 /* APICaller.swift in Sources */ = {isa = PBXBuildFile; fileRef = 30E19220281BCE7500CB74D4 /* APICaller.swift */; };
		30E1922B281BCFD200CB74D4 /* MyAppUIKit.docc in Sources */ = {isa = PBXBuildFile; fileRef = 30E1922A281BCFD200CB74D4 /* MyAppUIKit.docc */; };
		30E19231281BCFD200CB74D4 /* MyAppUIKit.framework in Frameworks */ = {isa = PBXBuildFile; fileRef = 30E19227281BCFD200CB74D4 /* MyAppUIKit.framework */; };
		30E19238281BCFD200CB74D4 /* MyAppUIKitTests.swift in Sources */ = {isa = PBXBuildFile; fileRef = 30E19237281BCFD200CB74D4 /* MyAppUIKitTests.swift */; };
		30E19239281BCFD200CB74D4 /* MyAppUIKit.h in Headers */ = {isa = PBXBuildFile; fileRef = 30E19229281BCFD200CB74D4 /* MyAppUIKit.h */; settings = {ATTRIBUTES = (Public, ); }; };
		30E1923C281BCFD200CB74D4 /* MyAppUIKit.framework in Frameworks */ = {isa = PBXBuildFile; fileRef = 30E19227281BCFD200CB74D4 /* MyAppUIKit.framework */; };
		30E1923D281BCFD200CB74D4 /* MyAppUIKit.framework in Embed Frameworks */ = {isa = PBXBuildFile; fileRef = 30E19227281BCFD200CB74D4 /* MyAppUIKit.framework */; settings = {ATTRIBUTES = (CodeSignOnCopy, RemoveHeadersOnCopy, ); }; };
		30E19249281BD0FE00CB74D4 /* CoursesViewController.swift in Sources */ = {isa = PBXBuildFile; fileRef = 30E19246281BD0D500CB74D4 /* CoursesViewController.swift */; };
/* End PBXBuildFile section */

/* Begin PBXContainerItemProxy section */
		30E1920D281BCE2A00CB74D4 /* PBXContainerItemProxy */ = {
			isa = PBXContainerItemProxy;
			containerPortal = 30E191DE281BC6FB00CB74D4 /* Project object */;
			proxyType = 1;
			remoteGlobalIDString = 30E19201281BCE2900CB74D4;
			remoteInfo = APIKit;
		};
		30E1920F281BCE2A00CB74D4 /* PBXContainerItemProxy */ = {
			isa = PBXContainerItemProxy;
			containerPortal = 30E191DE281BC6FB00CB74D4 /* Project object */;
			proxyType = 1;
			remoteGlobalIDString = 30E191E5281BC6FB00CB74D4;
			remoteInfo = DepIn;
		};
		30E19215281BCE2A00CB74D4 /* PBXContainerItemProxy */ = {
			isa = PBXContainerItemProxy;
			containerPortal = 30E191DE281BC6FB00CB74D4 /* Project object */;
			proxyType = 1;
			remoteGlobalIDString = 30E19201281BCE2900CB74D4;
			remoteInfo = APIKit;
		};
		30E19232281BCFD200CB74D4 /* PBXContainerItemProxy */ = {
			isa = PBXContainerItemProxy;
			containerPortal = 30E191DE281BC6FB00CB74D4 /* Project object */;
			proxyType = 1;
			remoteGlobalIDString = 30E19226281BCFD200CB74D4;
			remoteInfo = MyAppUIKit;
		};
		30E19234281BCFD200CB74D4 /* PBXContainerItemProxy */ = {
			isa = PBXContainerItemProxy;
			containerPortal = 30E191DE281BC6FB00CB74D4 /* Project object */;
			proxyType = 1;
			remoteGlobalIDString = 30E191E5281BC6FB00CB74D4;
			remoteInfo = DepIn;
		};
		30E1923A281BCFD200CB74D4 /* PBXContainerItemProxy */ = {
			isa = PBXContainerItemProxy;
			containerPortal = 30E191DE281BC6FB00CB74D4 /* Project object */;
			proxyType = 1;
			remoteGlobalIDString = 30E19226281BCFD200CB74D4;
			remoteInfo = MyAppUIKit;
		};
/* End PBXContainerItemProxy section */

/* Begin PBXCopyFilesBuildPhase section */
		30E1921C281BCE2A00CB74D4 /* Embed Frameworks */ = {
			isa = PBXCopyFilesBuildPhase;
			buildActionMask = 2147483647;
			dstPath = "";
			dstSubfolderSpec = 10;
			files = (
				30E19218281BCE2A00CB74D4 /* APIKit.framework in Embed Frameworks */,
				30E1923D281BCFD200CB74D4 /* MyAppUIKit.framework in Embed Frameworks */,
			);
			name = "Embed Frameworks";
			runOnlyForDeploymentPostprocessing = 0;
		};
/* End PBXCopyFilesBuildPhase section */

/* Begin PBXFileReference section */
		30E191E6281BC6FC00CB74D4 /* DepIn.app */ = {isa = PBXFileReference; explicitFileType = wrapper.application; includeInIndex = 0; path = DepIn.app; sourceTree = BUILT_PRODUCTS_DIR; };
		30E191E9281BC6FC00CB74D4 /* AppDelegate.swift */ = {isa = PBXFileReference; lastKnownFileType = sourcecode.swift; path = AppDelegate.swift; sourceTree = "<group>"; };
		30E191EB281BC6FC00CB74D4 /* SceneDelegate.swift */ = {isa = PBXFileReference; lastKnownFileType = sourcecode.swift; path = SceneDelegate.swift; sourceTree = "<group>"; };
		30E191ED281BC6FC00CB74D4 /* ViewController.swift */ = {isa = PBXFileReference; lastKnownFileType = sourcecode.swift; path = ViewController.swift; sourceTree = "<group>"; };
		30E191F0281BC6FC00CB74D4 /* Base */ = {isa = PBXFileReference; lastKnownFileType = file.storyboard; name = Base; path = Base.lproj/Main.storyboard; sourceTree = "<group>"; };
		30E191F2281BC6FE00CB74D4 /* Assets.xcassets */ = {isa = PBXFileReference; lastKnownFileType = folder.assetcatalog; path = Assets.xcassets; sourceTree = "<group>"; };
		30E191F5281BC6FE00CB74D4 /* Base */ = {isa = PBXFileReference; lastKnownFileType = file.storyboard; name = Base; path = Base.lproj/LaunchScreen.storyboard; sourceTree = "<group>"; };
		30E191F7281BC6FE00CB74D4 /* Info.plist */ = {isa = PBXFileReference; lastKnownFileType = text.plist.xml; path = Info.plist; sourceTree = "<group>"; };
		30E19202281BCE2900CB74D4 /* APIKit.framework */ = {isa = PBXFileReference; explicitFileType = wrapper.framework; includeInIndex = 0; path = APIKit.framework; sourceTree = BUILT_PRODUCTS_DIR; };
		30E19204281BCE2A00CB74D4 /* APIKit.h */ = {isa = PBXFileReference; lastKnownFileType = sourcecode.c.h; path = APIKit.h; sourceTree = "<group>"; };
		30E19205281BCE2A00CB74D4 /* APIKit.docc */ = {isa = PBXFileReference; lastKnownFileType = folder.documentationcatalog; path = APIKit.docc; sourceTree = "<group>"; };
		30E1920B281BCE2A00CB74D4 /* APIKitTests.xctest */ = {isa = PBXFileReference; explicitFileType = wrapper.cfbundle; includeInIndex = 0; path = APIKitTests.xctest; sourceTree = BUILT_PRODUCTS_DIR; };
		30E19212281BCE2A00CB74D4 /* APIKitTests.swift */ = {isa = PBXFileReference; lastKnownFileType = sourcecode.swift; path = APIKitTests.swift; sourceTree = "<group>"; };
		30E19220281BCE7500CB74D4 /* APICaller.swift */ = {isa = PBXFileReference; lastKnownFileType = sourcecode.swift; path = APICaller.swift; sourceTree = "<group>"; };
		30E19227281BCFD200CB74D4 /* MyAppUIKit.framework */ = {isa = PBXFileReference; explicitFileType = wrapper.framework; includeInIndex = 0; path = MyAppUIKit.framework; sourceTree = BUILT_PRODUCTS_DIR; };
		30E19229281BCFD200CB74D4 /* MyAppUIKit.h */ = {isa = PBXFileReference; lastKnownFileType = sourcecode.c.h; path = MyAppUIKit.h; sourceTree = "<group>"; };
		30E1922A281BCFD200CB74D4 /* MyAppUIKit.docc */ = {isa = PBXFileReference; lastKnownFileType = folder.documentationcatalog; path = MyAppUIKit.docc; sourceTree = "<group>"; };
		30E19230281BCFD200CB74D4 /* MyAppUIKitTests.xctest */ = {isa = PBXFileReference; explicitFileType = wrapper.cfbundle; includeInIndex = 0; path = MyAppUIKitTests.xctest; sourceTree = BUILT_PRODUCTS_DIR; };
		30E19237281BCFD200CB74D4 /* MyAppUIKitTests.swift */ = {isa = PBXFileReference; lastKnownFileType = sourcecode.swift; path = MyAppUIKitTests.swift; sourceTree = "<group>"; };
		30E19246281BD0D500CB74D4 /* CoursesViewController.swift */ = {isa = PBXFileReference; fileEncoding = 4; lastKnownFileType = sourcecode.swift; path = CoursesViewController.swift; sourceTree = "<group>"; };
/* End PBXFileReference section */

/* Begin PBXFrameworksBuildPhase section */
		30E191E3281BC6FB00CB74D4 /* Frameworks */ = {
			isa = PBXFrameworksBuildPhase;
			buildActionMask = 2147483647;
			files = (
				30E19217281BCE2A00CB74D4 /* APIKit.framework in Frameworks */,
				30E1923C281BCFD200CB74D4 /* MyAppUIKit.framework in Frameworks */,
			);
			runOnlyForDeploymentPostprocessing = 0;
		};
		30E191FF281BCE2900CB74D4 /* Frameworks */ = {
			isa = PBXFrameworksBuildPhase;
			buildActionMask = 2147483647;
			files = (
			);
			runOnlyForDeploymentPostprocessing = 0;
		};
		30E19208281BCE2A00CB74D4 /* Frameworks */ = {
			isa = PBXFrameworksBuildPhase;
			buildActionMask = 2147483647;
			files = (
				30E1920C281BCE2A00CB74D4 /* APIKit.framework in Frameworks */,
			);
			runOnlyForDeploymentPostprocessing = 0;
		};
		30E19224281BCFD200CB74D4 /* Frameworks */ = {
			isa = PBXFrameworksBuildPhase;
			buildActionMask = 2147483647;
			files = (
			);
			runOnlyForDeploymentPostprocessing = 0;
		};
		30E1922D281BCFD200CB74D4 /* Frameworks */ = {
			isa = PBXFrameworksBuildPhase;
			buildActionMask = 2147483647;
			files = (
				30E19231281BCFD200CB74D4 /* MyAppUIKit.framework in Frameworks */,
			);
			runOnlyForDeploymentPostprocessing = 0;
		};
/* End PBXFrameworksBuildPhase section */

/* Begin PBXGroup section */
		30E191DD281BC6FB00CB74D4 = {
			isa = PBXGroup;
			children = (
				30E191E8281BC6FC00CB74D4 /* DepIn */,
				30E19203281BCE2A00CB74D4 /* APIKit */,
				30E19211281BCE2A00CB74D4 /* APIKitTests */,
				30E19228281BCFD200CB74D4 /* MyAppUIKit */,
				30E19236281BCFD200CB74D4 /* MyAppUIKitTests */,
				30E191E7281BC6FC00CB74D4 /* Products */,
			);
			sourceTree = "<group>";
		};
		30E191E7281BC6FC00CB74D4 /* Products */ = {
			isa = PBXGroup;
			children = (
				30E191E6281BC6FC00CB74D4 /* DepIn.app */,
				30E19202281BCE2900CB74D4 /* APIKit.framework */,
				30E1920B281BCE2A00CB74D4 /* APIKitTests.xctest */,
				30E19227281BCFD200CB74D4 /* MyAppUIKit.framework */,
				30E19230281BCFD200CB74D4 /* MyAppUIKitTests.xctest */,
			);
			name = Products;
			sourceTree = "<group>";
		};
		30E191E8281BC6FC00CB74D4 /* DepIn */ = {
			isa = PBXGroup;
			children = (
				30E191E9281BC6FC00CB74D4 /* AppDelegate.swift */,
				30E191EB281BC6FC00CB74D4 /* SceneDelegate.swift */,
				30E191ED281BC6FC00CB74D4 /* ViewController.swift */,
				30E191EF281BC6FC00CB74D4 /* Main.storyboard */,
				30E191F2281BC6FE00CB74D4 /* Assets.xcassets */,
				30E191F4281BC6FE00CB74D4 /* LaunchScreen.storyboard */,
				30E191F7281BC6FE00CB74D4 /* Info.plist */,
			);
			path = DepIn;
			sourceTree = "<group>";
		};
		30E19203281BCE2A00CB74D4 /* APIKit */ = {
			isa = PBXGroup;
			children = (
				30E19246281BD0D500CB74D4 /* CoursesViewController.swift */,
				30E19220281BCE7500CB74D4 /* APICaller.swift */,
				30E19204281BCE2A00CB74D4 /* APIKit.h */,
				30E19205281BCE2A00CB74D4 /* APIKit.docc */,
			);
			path = APIKit;
			sourceTree = "<group>";
		};
		30E19211281BCE2A00CB74D4 /* APIKitTests */ = {
			isa = PBXGroup;
			children = (
				30E19212281BCE2A00CB74D4 /* APIKitTests.swift */,
			);
			path = APIKitTests;
			sourceTree = "<group>";
		};
		30E19228281BCFD200CB74D4 /* MyAppUIKit */ = {
			isa = PBXGroup;
			children = (
				30E19229281BCFD200CB74D4 /* MyAppUIKit.h */,
				30E1922A281BCFD200CB74D4 /* MyAppUIKit.docc */,
			);
			path = MyAppUIKit;
			sourceTree = "<group>";
		};
		30E19236281BCFD200CB74D4 /* MyAppUIKitTests */ = {
			isa = PBXGroup;
			children = (
				30E19237281BCFD200CB74D4 /* MyAppUIKitTests.swift */,
			);
			path = MyAppUIKitTests;
			sourceTree = "<group>";
		};
/* End PBXGroup section */

/* Begin PBXHeadersBuildPhase section */
		30E191FD281BCE2900CB74D4 /* Headers */ = {
			isa = PBXHeadersBuildPhase;
			buildActionMask = 2147483647;
			files = (
				30E19214281BCE2A00CB74D4 /* APIKit.h in Headers */,
			);
			runOnlyForDeploymentPostprocessing = 0;
		};
		30E19222281BCFD200CB74D4 /* Headers */ = {
			isa = PBXHeadersBuildPhase;
			buildActionMask = 2147483647;
			files = (
				30E19239281BCFD200CB74D4 /* MyAppUIKit.h in Headers */,
			);
			runOnlyForDeploymentPostprocessing = 0;
		};
/* End PBXHeadersBuildPhase section */

/* Begin PBXNativeTarget section */
		30E191E5281BC6FB00CB74D4 /* DepIn */ = {
			isa = PBXNativeTarget;
			buildConfigurationList = 30E191FA281BC6FE00CB74D4 /* Build configuration list for PBXNativeTarget "DepIn" */;
			buildPhases = (
				30E191E2281BC6FB00CB74D4 /* Sources */,
				30E191E3281BC6FB00CB74D4 /* Frameworks */,
				30E191E4281BC6FB00CB74D4 /* Resources */,
				30E1921C281BCE2A00CB74D4 /* Embed Frameworks */,
			);
			buildRules = (
			);
			dependencies = (
				30E19216281BCE2A00CB74D4 /* PBXTargetDependency */,
				30E1923B281BCFD200CB74D4 /* PBXTargetDependency */,
			);
			name = DepIn;
			productName = DepIn;
			productReference = 30E191E6281BC6FC00CB74D4 /* DepIn.app */;
			productType = "com.apple.product-type.application";
		};
		30E19201281BCE2900CB74D4 /* APIKit */ = {
			isa = PBXNativeTarget;
			buildConfigurationList = 30E19219281BCE2A00CB74D4 /* Build configuration list for PBXNativeTarget "APIKit" */;
			buildPhases = (
				30E191FD281BCE2900CB74D4 /* Headers */,
				30E191FE281BCE2900CB74D4 /* Sources */,
				30E191FF281BCE2900CB74D4 /* Frameworks */,
				30E19200281BCE2900CB74D4 /* Resources */,
			);
			buildRules = (
			);
			dependencies = (
			);
			name = APIKit;
			productName = APIKit;
			productReference = 30E19202281BCE2900CB74D4 /* APIKit.framework */;
			productType = "com.apple.product-type.framework";
		};
		30E1920A281BCE2A00CB74D4 /* APIKitTests */ = {
			isa = PBXNativeTarget;
			buildConfigurationList = 30E1921D281BCE2A00CB74D4 /* Build configuration list for PBXNativeTarget "APIKitTests" */;
			buildPhases = (
				30E19207281BCE2A00CB74D4 /* Sources */,
				30E19208281BCE2A00CB74D4 /* Frameworks */,
				30E19209281BCE2A00CB74D4 /* Resources */,
			);
			buildRules = (
			);
			dependencies = (
				30E1920E281BCE2A00CB74D4 /* PBXTargetDependency */,
				30E19210281BCE2A00CB74D4 /* PBXTargetDependency */,
			);
			name = APIKitTests;
			productName = APIKitTests;
			productReference = 30E1920B281BCE2A00CB74D4 /* APIKitTests.xctest */;
			productType = "com.apple.product-type.bundle.unit-test";
		};
		30E19226281BCFD200CB74D4 /* MyAppUIKit */ = {
			isa = PBXNativeTarget;
			buildConfigurationList = 30E1923E281BCFD200CB74D4 /* Build configuration list for PBXNativeTarget "MyAppUIKit" */;
			buildPhases = (
				30E19222281BCFD200CB74D4 /* Headers */,
				30E19223281BCFD200CB74D4 /* Sources */,
				30E19224281BCFD200CB74D4 /* Frameworks */,
				30E19225281BCFD200CB74D4 /* Resources */,
			);
			buildRules = (
			);
			dependencies = (
			);
			name = MyAppUIKit;
			productName = MyAppUIKit;
			productReference = 30E19227281BCFD200CB74D4 /* MyAppUIKit.framework */;
			productType = "com.apple.product-type.framework";
		};
		30E1922F281BCFD200CB74D4 /* MyAppUIKitTests */ = {
			isa = PBXNativeTarget;
			buildConfigurationList = 30E19241281BCFD200CB74D4 /* Build configuration list for PBXNativeTarget "MyAppUIKitTests" */;
			buildPhases = (
				30E1922C281BCFD200CB74D4 /* Sources */,
				30E1922D281BCFD200CB74D4 /* Frameworks */,
				30E1922E281BCFD200CB74D4 /* Resources */,
			);
			buildRules = (
			);
			dependencies = (
				30E19233281BCFD200CB74D4 /* PBXTargetDependency */,
				30E19235281BCFD200CB74D4 /* PBXTargetDependency */,
			);
			name = MyAppUIKitTests;
			productName = MyAppUIKitTests;
			productReference = 30E19230281BCFD200CB74D4 /* MyAppUIKitTests.xctest */;
			productType = "com.apple.product-type.bundle.unit-test";
		};
/* End PBXNativeTarget section */

/* Begin PBXProject section */
		30E191DE281BC6FB00CB74D4 /* Project object */ = {
			isa = PBXProject;
			attributes = {
				BuildIndependentTargetsInParallel = 1;
				LastSwiftUpdateCheck = 1320;
				LastUpgradeCheck = 1320;
				TargetAttributes = {
					30E191E5281BC6FB00CB74D4 = {
						CreatedOnToolsVersion = 13.2.1;
					};
					30E19201281BCE2900CB74D4 = {
						CreatedOnToolsVersion = 13.2.1;
					};
					30E1920A281BCE2A00CB74D4 = {
						CreatedOnToolsVersion = 13.2.1;
						TestTargetID = 30E191E5281BC6FB00CB74D4;
					};
					30E19226281BCFD200CB74D4 = {
						CreatedOnToolsVersion = 13.2.1;
					};
					30E1922F281BCFD200CB74D4 = {
						CreatedOnToolsVersion = 13.2.1;
						TestTargetID = 30E191E5281BC6FB00CB74D4;
					};
				};
			};
			buildConfigurationList = 30E191E1281BC6FB00CB74D4 /* Build configuration list for PBXProject "DepIn" */;
			compatibilityVersion = "Xcode 13.0";
			developmentRegion = en;
			hasScannedForEncodings = 0;
			knownRegions = (
				en,
				Base,
			);
			mainGroup = 30E191DD281BC6FB00CB74D4;
			productRefGroup = 30E191E7281BC6FC00CB74D4 /* Products */;
			projectDirPath = "";
			projectRoot = "";
			targets = (
				30E191E5281BC6FB00CB74D4 /* DepIn */,
				30E19201281BCE2900CB74D4 /* APIKit */,
				30E1920A281BCE2A00CB74D4 /* APIKitTests */,
				30E19226281BCFD200CB74D4 /* MyAppUIKit */,
				30E1922F281BCFD200CB74D4 /* MyAppUIKitTests */,
			);
		};
/* End PBXProject section */

/* Begin PBXResourcesBuildPhase section */
		30E191E4281BC6FB00CB74D4 /* Resources */ = {
			isa = PBXResourcesBuildPhase;
			buildActionMask = 2147483647;
			files = (
				30E191F6281BC6FE00CB74D4 /* LaunchScreen.storyboard in Resources */,
				30E191F3281BC6FE00CB74D4 /* Assets.xcassets in Resources */,
				30E191F1281BC6FC00CB74D4 /* Main.storyboard in Resources */,
			);
			runOnlyForDeploymentPostprocessing = 0;
		};
		30E19200281BCE2900CB74D4 /* Resources */ = {
			isa = PBXResourcesBuildPhase;
			buildActionMask = 2147483647;
			files = (
			);
			runOnlyForDeploymentPostprocessing = 0;
		};
		30E19209281BCE2A00CB74D4 /* Resources */ = {
			isa = PBXResourcesBuildPhase;
			buildActionMask = 2147483647;
			files = (
			);
			runOnlyForDeploymentPostprocessing = 0;
		};
		30E19225281BCFD200CB74D4 /* Resources */ = {
			isa = PBXResourcesBuildPhase;
			buildActionMask = 2147483647;
			files = (
			);
			runOnlyForDeploymentPostprocessing = 0;
		};
		30E1922E281BCFD200CB74D4 /* Resources */ = {
			isa = PBXResourcesBuildPhase;
			buildActionMask = 2147483647;
			files = (
			);
			runOnlyForDeploymentPostprocessing = 0;
		};
/* End PBXResourcesBuildPhase section */

/* Begin PBXSourcesBuildPhase section */
		30E191E2281BC6FB00CB74D4 /* Sources */ = {
			isa = PBXSourcesBuildPhase;
			buildActionMask = 2147483647;
			files = (
				30E191EE281BC6FC00CB74D4 /* ViewController.swift in Sources */,
				30E191EA281BC6FC00CB74D4 /* AppDelegate.swift in Sources */,
				30E191EC281BC6FC00CB74D4 /* SceneDelegate.swift in Sources */,
			);
			runOnlyForDeploymentPostprocessing = 0;
		};
		30E191FE281BCE2900CB74D4 /* Sources */ = {
			isa = PBXSourcesBuildPhase;
			buildActionMask = 2147483647;
			files = (
				30E19206281BCE2A00CB74D4 /* APIKit.docc in Sources */,
				30E19221281BCE7500CB74D4 /* APICaller.swift in Sources */,
			);
			runOnlyForDeploymentPostprocessing = 0;
		};
		30E19207281BCE2A00CB74D4 /* Sources */ = {
			isa = PBXSourcesBuildPhase;
			buildActionMask = 2147483647;
			files = (
				30E19213281BCE2A00CB74D4 /* APIKitTests.swift in Sources */,
			);
			runOnlyForDeploymentPostprocessing = 0;
		};
		30E19223281BCFD200CB74D4 /* Sources */ = {
			isa = PBXSourcesBuildPhase;
			buildActionMask = 2147483647;
			files = (
				30E1922B281BCFD200CB74D4 /* MyAppUIKit.docc in Sources */,
				30E19249281BD0FE00CB74D4 /* CoursesViewController.swift in Sources */,
			);
			runOnlyForDeploymentPostprocessing = 0;
		};
		30E1922C281BCFD200CB74D4 /* Sources */ = {
			isa = PBXSourcesBuildPhase;
			buildActionMask = 2147483647;
			files = (
				30E19238281BCFD200CB74D4 /* MyAppUIKitTests.swift in Sources */,
			);
			runOnlyForDeploymentPostprocessing = 0;
		};
/* End PBXSourcesBuildPhase section */

/* Begin PBXTargetDependency section */
		30E1920E281BCE2A00CB74D4 /* PBXTargetDependency */ = {
			isa = PBXTargetDependency;
			target = 30E19201281BCE2900CB74D4 /* APIKit */;
			targetProxy = 30E1920D281BCE2A00CB74D4 /* PBXContainerItemProxy */;
		};
		30E19210281BCE2A00CB74D4 /* PBXTargetDependency */ = {
			isa = PBXTargetDependency;
			target = 30E191E5281BC6FB00CB74D4 /* DepIn */;
			targetProxy = 30E1920F281BCE2A00CB74D4 /* PBXContainerItemProxy */;
		};
		30E19216281BCE2A00CB74D4 /* PBXTargetDependency */ = {
			isa = PBXTargetDependency;
			target = 30E19201281BCE2900CB74D4 /* APIKit */;
			targetProxy = 30E19215281BCE2A00CB74D4 /* PBXContainerItemProxy */;
		};
		30E19233281BCFD200CB74D4 /* PBXTargetDependency */ = {
			isa = PBXTargetDependency;
			target = 30E19226281BCFD200CB74D4 /* MyAppUIKit */;
			targetProxy = 30E19232281BCFD200CB74D4 /* PBXContainerItemProxy */;
		};
		30E19235281BCFD200CB74D4 /* PBXTargetDependency */ = {
			isa = PBXTargetDependency;
			target = 30E191E5281BC6FB00CB74D4 /* DepIn */;
			targetProxy = 30E19234281BCFD200CB74D4 /* PBXContainerItemProxy */;
		};
		30E1923B281BCFD200CB74D4 /* PBXTargetDependency */ = {
			isa = PBXTargetDependency;
			target = 30E19226281BCFD200CB74D4 /* MyAppUIKit */;
			targetProxy = 30E1923A281BCFD200CB74D4 /* PBXContainerItemProxy */;
		};
/* End PBXTargetDependency section */

/* Begin PBXVariantGroup section */
		30E191EF281BC6FC00CB74D4 /* Main.storyboard */ = {
			isa = PBXVariantGroup;
			children = (
				30E191F0281BC6FC00CB74D4 /* Base */,
			);
			name = Main.storyboard;
			sourceTree = "<group>";
		};
		30E191F4281BC6FE00CB74D4 /* LaunchScreen.storyboard */ = {
			isa = PBXVariantGroup;
			children = (
				30E191F5281BC6FE00CB74D4 /* Base */,
			);
			name = LaunchScreen.storyboard;
			sourceTree = "<group>";
		};
/* End PBXVariantGroup section */

/* Begin XCBuildConfiguration section */
		30E191F8281BC6FE00CB74D4 /* Debug */ = {
			isa = XCBuildConfiguration;
			buildSettings = {
				ALWAYS_SEARCH_USER_PATHS = NO;
				CLANG_ANALYZER_NONNULL = YES;
				CLANG_ANALYZER_NUMBER_OBJECT_CONVERSION = YES_AGGRESSIVE;
				CLANG_CXX_LANGUAGE_STANDARD = "gnu++17";
				CLANG_CXX_LIBRARY = "libc++";
				CLANG_ENABLE_MODULES = YES;
				CLANG_ENABLE_OBJC_ARC = YES;
				CLANG_ENABLE_OBJC_WEAK = YES;
				CLANG_WARN_BLOCK_CAPTURE_AUTORELEASING = YES;
				CLANG_WARN_BOOL_CONVERSION = YES;
				CLANG_WARN_COMMA = YES;
				CLANG_WARN_CONSTANT_CONVERSION = YES;
				CLANG_WARN_DEPRECATED_OBJC_IMPLEMENTATIONS = YES;
				CLANG_WARN_DIRECT_OBJC_ISA_USAGE = YES_ERROR;
				CLANG_WARN_DOCUMENTATION_COMMENTS = YES;
				CLANG_WARN_EMPTY_BODY = YES;
				CLANG_WARN_ENUM_CONVERSION = YES;
				CLANG_WARN_INFINITE_RECURSION = YES;
				CLANG_WARN_INT_CONVERSION = YES;
				CLANG_WARN_NON_LITERAL_NULL_CONVERSION = YES;
				CLANG_WARN_OBJC_IMPLICIT_RETAIN_SELF = YES;
				CLANG_WARN_OBJC_LITERAL_CONVERSION = YES;
				CLANG_WARN_OBJC_ROOT_CLASS = YES_ERROR;
				CLANG_WARN_QUOTED_INCLUDE_IN_FRAMEWORK_HEADER = YES;
				CLANG_WARN_RANGE_LOOP_ANALYSIS = YES;
				CLANG_WARN_STRICT_PROTOTYPES = YES;
				CLANG_WARN_SUSPICIOUS_MOVE = YES;
				CLANG_WARN_UNGUARDED_AVAILABILITY = YES_AGGRESSIVE;
				CLANG_WARN_UNREACHABLE_CODE = YES;
				CLANG_WARN__DUPLICATE_METHOD_MATCH = YES;
				COPY_PHASE_STRIP = NO;
				DEBUG_INFORMATION_FORMAT = dwarf;
				ENABLE_STRICT_OBJC_MSGSEND = YES;
				ENABLE_TESTABILITY = YES;
				GCC_C_LANGUAGE_STANDARD = gnu11;
				GCC_DYNAMIC_NO_PIC = NO;
				GCC_NO_COMMON_BLOCKS = YES;
				GCC_OPTIMIZATION_LEVEL = 0;
				GCC_PREPROCESSOR_DEFINITIONS = (
					"DEBUG=1",
					"$(inherited)",
				);
				GCC_WARN_64_TO_32_BIT_CONVERSION = YES;
				GCC_WARN_ABOUT_RETURN_TYPE = YES_ERROR;
				GCC_WARN_UNDECLARED_SELECTOR = YES;
				GCC_WARN_UNINITIALIZED_AUTOS = YES_AGGRESSIVE;
				GCC_WARN_UNUSED_FUNCTION = YES;
				GCC_WARN_UNUSED_VARIABLE = YES;
				IPHONEOS_DEPLOYMENT_TARGET = 15.2;
				MTL_ENABLE_DEBUG_INFO = INCLUDE_SOURCE;
				MTL_FAST_MATH = YES;
				ONLY_ACTIVE_ARCH = YES;
				SDKROOT = iphoneos;
				SWIFT_ACTIVE_COMPILATION_CONDITIONS = DEBUG;
				SWIFT_OPTIMIZATION_LEVEL = "-Onone";
			};
			name = Debug;
		};
		30E191F9281BC6FE00CB74D4 /* Release */ = {
			isa = XCBuildConfiguration;
			buildSettings = {
				ALWAYS_SEARCH_USER_PATHS = NO;
				CLANG_ANALYZER_NONNULL = YES;
				CLANG_ANALYZER_NUMBER_OBJECT_CONVERSION = YES_AGGRESSIVE;
				CLANG_CXX_LANGUAGE_STANDARD = "gnu++17";
				CLANG_CXX_LIBRARY = "libc++";
				CLANG_ENABLE_MODULES = YES;
				CLANG_ENABLE_OBJC_ARC = YES;
				CLANG_ENABLE_OBJC_WEAK = YES;
				CLANG_WARN_BLOCK_CAPTURE_AUTORELEASING = YES;
				CLANG_WARN_BOOL_CONVERSION = YES;
				CLANG_WARN_COMMA = YES;
				CLANG_WARN_CONSTANT_CONVERSION = YES;
				CLANG_WARN_DEPRECATED_OBJC_IMPLEMENTATIONS = YES;
				CLANG_WARN_DIRECT_OBJC_ISA_USAGE = YES_ERROR;
				CLANG_WARN_DOCUMENTATION_COMMENTS = YES;
				CLANG_WARN_EMPTY_BODY = YES;
				CLANG_WARN_ENUM_CONVERSION = YES;
				CLANG_WARN_INFINITE_RECURSION = YES;
				CLANG_WARN_INT_CONVERSION = YES;
				CLANG_WARN_NON_LITERAL_NULL_CONVERSION = YES;
				CLANG_WARN_OBJC_IMPLICIT_RETAIN_SELF = YES;
				CLANG_WARN_OBJC_LITERAL_CONVERSION = YES;
				CLANG_WARN_OBJC_ROOT_CLASS = YES_ERROR;
				CLANG_WARN_QUOTED_INCLUDE_IN_FRAMEWORK_HEADER = YES;
				CLANG_WARN_RANGE_LOOP_ANALYSIS = YES;
				CLANG_WARN_STRICT_PROTOTYPES = YES;
				CLANG_WARN_SUSPICIOUS_MOVE = YES;
				CLANG_WARN_UNGUARDED_AVAILABILITY = YES_AGGRESSIVE;
				CLANG_WARN_UNREACHABLE_CODE = YES;
				CLANG_WARN__DUPLICATE_METHOD_MATCH = YES;
				COPY_PHASE_STRIP = NO;
				DEBUG_INFORMATION_FORMAT = "dwarf-with-dsym";
				ENABLE_NS_ASSERTIONS = NO;
				ENABLE_STRICT_OBJC_MSGSEND = YES;
				GCC_C_LANGUAGE_STANDARD = gnu11;
				GCC_NO_COMMON_BLOCKS = YES;
				GCC_WARN_64_TO_32_BIT_CONVERSION = YES;
				GCC_WARN_ABOUT_RETURN_TYPE = YES_ERROR;
				GCC_WARN_UNDECLARED_SELECTOR = YES;
				GCC_WARN_UNINITIALIZED_AUTOS = YES_AGGRESSIVE;
				GCC_WARN_UNUSED_FUNCTION = YES;
				GCC_WARN_UNUSED_VARIABLE = YES;
				IPHONEOS_DEPLOYMENT_TARGET = 15.2;
				MTL_ENABLE_DEBUG_INFO = NO;
				MTL_FAST_MATH = YES;
				SDKROOT = iphoneos;
				SWIFT_COMPILATION_MODE = wholemodule;
				SWIFT_OPTIMIZATION_LEVEL = "-O";
				VALIDATE_PRODUCT = YES;
			};
			name = Release;
		};
		30E191FB281BC6FE00CB74D4 /* Debug */ = {
			isa = XCBuildConfiguration;
			buildSettings = {
				ALWAYS_EMBED_SWIFT_STANDARD_LIBRARIES = YES;
				ASSETCATALOG_COMPILER_APPICON_NAME = AppIcon;
				ASSETCATALOG_COMPILER_GLOBAL_ACCENT_COLOR_NAME = AccentColor;
				CODE_SIGN_STYLE = Automatic;
				CURRENT_PROJECT_VERSION = 1;
				DEVELOPMENT_TEAM = N4Y99Y6PT4;
				GENERATE_INFOPLIST_FILE = YES;
				INFOPLIST_FILE = DepIn/Info.plist;
				INFOPLIST_KEY_UIApplicationSupportsIndirectInputEvents = YES;
				INFOPLIST_KEY_UILaunchStoryboardName = LaunchScreen;
				INFOPLIST_KEY_UIMainStoryboardFile = Main;
				INFOPLIST_KEY_UISupportedInterfaceOrientations_iPad = "UIInterfaceOrientationPortrait UIInterfaceOrientationPortraitUpsideDown UIInterfaceOrientationLandscapeLeft UIInterfaceOrientationLandscapeRight";
				INFOPLIST_KEY_UISupportedInterfaceOrientations_iPhone = "UIInterfaceOrientationPortrait UIInterfaceOrientationLandscapeLeft UIInterfaceOrientationLandscapeRight";
				LD_RUNPATH_SEARCH_PATHS = (
					"$(inherited)",
					"@executable_path/Frameworks",
				);
				MARKETING_VERSION = 1.0;
				PRODUCT_BUNDLE_IDENTIFIER = com.AliAghamirbabaei.DepIn;
				PRODUCT_NAME = "$(TARGET_NAME)";
				SWIFT_EMIT_LOC_STRINGS = YES;
				SWIFT_VERSION = 5.0;
				TARGETED_DEVICE_FAMILY = "1,2";
			};
			name = Debug;
		};
		30E191FC281BC6FE00CB74D4 /* Release */ = {
			isa = XCBuildConfiguration;
			buildSettings = {
				ALWAYS_EMBED_SWIFT_STANDARD_LIBRARIES = YES;
				ASSETCATALOG_COMPILER_APPICON_NAME = AppIcon;
				ASSETCATALOG_COMPILER_GLOBAL_ACCENT_COLOR_NAME = AccentColor;
				CODE_SIGN_STYLE = Automatic;
				CURRENT_PROJECT_VERSION = 1;
				DEVELOPMENT_TEAM = N4Y99Y6PT4;
				GENERATE_INFOPLIST_FILE = YES;
				INFOPLIST_FILE = DepIn/Info.plist;
				INFOPLIST_KEY_UIApplicationSupportsIndirectInputEvents = YES;
				INFOPLIST_KEY_UILaunchStoryboardName = LaunchScreen;
				INFOPLIST_KEY_UIMainStoryboardFile = Main;
				INFOPLIST_KEY_UISupportedInterfaceOrientations_iPad = "UIInterfaceOrientationPortrait UIInterfaceOrientationPortraitUpsideDown UIInterfaceOrientationLandscapeLeft UIInterfaceOrientationLandscapeRight";
				INFOPLIST_KEY_UISupportedInterfaceOrientations_iPhone = "UIInterfaceOrientationPortrait UIInterfaceOrientationLandscapeLeft UIInterfaceOrientationLandscapeRight";
				LD_RUNPATH_SEARCH_PATHS = (
					"$(inherited)",
					"@executable_path/Frameworks",
				);
				MARKETING_VERSION = 1.0;
				PRODUCT_BUNDLE_IDENTIFIER = com.AliAghamirbabaei.DepIn;
				PRODUCT_NAME = "$(TARGET_NAME)";
				SWIFT_EMIT_LOC_STRINGS = YES;
				SWIFT_VERSION = 5.0;
				TARGETED_DEVICE_FAMILY = "1,2";
			};
			name = Release;
		};
		30E1921A281BCE2A00CB74D4 /* Debug */ = {
			isa = XCBuildConfiguration;
			buildSettings = {
				CODE_SIGN_STYLE = Automatic;
				CURRENT_PROJECT_VERSION = 1;
				DEFINES_MODULE = YES;
				DEVELOPMENT_TEAM = N4Y99Y6PT4;
				DYLIB_COMPATIBILITY_VERSION = 1;
				DYLIB_CURRENT_VERSION = 1;
				DYLIB_INSTALL_NAME_BASE = "@rpath";
				GENERATE_INFOPLIST_FILE = YES;
				INFOPLIST_KEY_NSHumanReadableCopyright = "";
				INSTALL_PATH = "$(LOCAL_LIBRARY_DIR)/Frameworks";
				LD_RUNPATH_SEARCH_PATHS = (
					"$(inherited)",
					"@executable_path/Frameworks",
					"@loader_path/Frameworks",
				);
				MARKETING_VERSION = 1.0;
				PRODUCT_BUNDLE_IDENTIFIER = com.AliAghamirbabaei.APIKit;
				PRODUCT_NAME = "$(TARGET_NAME:c99extidentifier)";
				SKIP_INSTALL = YES;
				SWIFT_EMIT_LOC_STRINGS = YES;
				SWIFT_VERSION = 5.0;
				TARGETED_DEVICE_FAMILY = "1,2";
				VERSIONING_SYSTEM = "apple-generic";
				VERSION_INFO_PREFIX = "";
			};
			name = Debug;
		};
		30E1921B281BCE2A00CB74D4 /* Release */ = {
			isa = XCBuildConfiguration;
			buildSettings = {
				CODE_SIGN_STYLE = Automatic;
				CURRENT_PROJECT_VERSION = 1;
				DEFINES_MODULE = YES;
				DEVELOPMENT_TEAM = N4Y99Y6PT4;
				DYLIB_COMPATIBILITY_VERSION = 1;
				DYLIB_CURRENT_VERSION = 1;
				DYLIB_INSTALL_NAME_BASE = "@rpath";
				GENERATE_INFOPLIST_FILE = YES;
				INFOPLIST_KEY_NSHumanReadableCopyright = "";
				INSTALL_PATH = "$(LOCAL_LIBRARY_DIR)/Frameworks";
				LD_RUNPATH_SEARCH_PATHS = (
					"$(inherited)",
					"@executable_path/Frameworks",
					"@loader_path/Frameworks",
				);
				MARKETING_VERSION = 1.0;
				PRODUCT_BUNDLE_IDENTIFIER = com.AliAghamirbabaei.APIKit;
				PRODUCT_NAME = "$(TARGET_NAME:c99extidentifier)";
				SKIP_INSTALL = YES;
				SWIFT_EMIT_LOC_STRINGS = YES;
				SWIFT_VERSION = 5.0;
				TARGETED_DEVICE_FAMILY = "1,2";
				VERSIONING_SYSTEM = "apple-generic";
				VERSION_INFO_PREFIX = "";
			};
			name = Release;
		};
		30E1921E281BCE2A00CB74D4 /* Debug */ = {
			isa = XCBuildConfiguration;
			buildSettings = {
				ALWAYS_EMBED_SWIFT_STANDARD_LIBRARIES = YES;
				CODE_SIGN_STYLE = Automatic;
				CURRENT_PROJECT_VERSION = 1;
				DEVELOPMENT_TEAM = N4Y99Y6PT4;
				GENERATE_INFOPLIST_FILE = YES;
				MARKETING_VERSION = 1.0;
				PRODUCT_BUNDLE_IDENTIFIER = com.AliAghamirbabaei.APIKitTests;
				PRODUCT_NAME = "$(TARGET_NAME)";
				SWIFT_EMIT_LOC_STRINGS = NO;
				SWIFT_VERSION = 5.0;
				TARGETED_DEVICE_FAMILY = "1,2";
				TEST_HOST = "$(BUILT_PRODUCTS_DIR)/DepIn.app/DepIn";
			};
			name = Debug;
		};
		30E1921F281BCE2A00CB74D4 /* Release */ = {
			isa = XCBuildConfiguration;
			buildSettings = {
				ALWAYS_EMBED_SWIFT_STANDARD_LIBRARIES = YES;
				CODE_SIGN_STYLE = Automatic;
				CURRENT_PROJECT_VERSION = 1;
				DEVELOPMENT_TEAM = N4Y99Y6PT4;
				GENERATE_INFOPLIST_FILE = YES;
				MARKETING_VERSION = 1.0;
				PRODUCT_BUNDLE_IDENTIFIER = com.AliAghamirbabaei.APIKitTests;
				PRODUCT_NAME = "$(TARGET_NAME)";
				SWIFT_EMIT_LOC_STRINGS = NO;
				SWIFT_VERSION = 5.0;
				TARGETED_DEVICE_FAMILY = "1,2";
				TEST_HOST = "$(BUILT_PRODUCTS_DIR)/DepIn.app/DepIn";
			};
			name = Release;
		};
		30E1923F281BCFD200CB74D4 /* Debug */ = {
			isa = XCBuildConfiguration;
			buildSettings = {
				CODE_SIGN_STYLE = Automatic;
				CURRENT_PROJECT_VERSION = 1;
				DEFINES_MODULE = YES;
				DEVELOPMENT_TEAM = N4Y99Y6PT4;
				DYLIB_COMPATIBILITY_VERSION = 1;
				DYLIB_CURRENT_VERSION = 1;
				DYLIB_INSTALL_NAME_BASE = "@rpath";
				GENERATE_INFOPLIST_FILE = YES;
				INFOPLIST_KEY_NSHumanReadableCopyright = "";
				INSTALL_PATH = "$(LOCAL_LIBRARY_DIR)/Frameworks";
				LD_RUNPATH_SEARCH_PATHS = (
					"$(inherited)",
					"@executable_path/Frameworks",
					"@loader_path/Frameworks",
				);
				MARKETING_VERSION = 1.0;
				PRODUCT_BUNDLE_IDENTIFIER = com.AliAghamirbabaei.MyAppUIKit;
				PRODUCT_NAME = "$(TARGET_NAME:c99extidentifier)";
				SKIP_INSTALL = YES;
				SWIFT_EMIT_LOC_STRINGS = YES;
				SWIFT_VERSION = 5.0;
				TARGETED_DEVICE_FAMILY = "1,2";
				VERSIONING_SYSTEM = "apple-generic";
				VERSION_INFO_PREFIX = "";
			};
			name = Debug;
		};
		30E19240281BCFD200CB74D4 /* Release */ = {
			isa = XCBuildConfiguration;
			buildSettings = {
				CODE_SIGN_STYLE = Automatic;
				CURRENT_PROJECT_VERSION = 1;
				DEFINES_MODULE = YES;
				DEVELOPMENT_TEAM = N4Y99Y6PT4;
				DYLIB_COMPATIBILITY_VERSION = 1;
				DYLIB_CURRENT_VERSION = 1;
				DYLIB_INSTALL_NAME_BASE = "@rpath";
				GENERATE_INFOPLIST_FILE = YES;
				INFOPLIST_KEY_NSHumanReadableCopyright = "";
				INSTALL_PATH = "$(LOCAL_LIBRARY_DIR)/Frameworks";
				LD_RUNPATH_SEARCH_PATHS = (
					"$(inherited)",
					"@executable_path/Frameworks",
					"@loader_path/Frameworks",
				);
				MARKETING_VERSION = 1.0;
				PRODUCT_BUNDLE_IDENTIFIER = com.AliAghamirbabaei.MyAppUIKit;
				PRODUCT_NAME = "$(TARGET_NAME:c99extidentifier)";
				SKIP_INSTALL = YES;
				SWIFT_EMIT_LOC_STRINGS = YES;
				SWIFT_VERSION = 5.0;
				TARGETED_DEVICE_FAMILY = "1,2";
				VERSIONING_SYSTEM = "apple-generic";
				VERSION_INFO_PREFIX = "";
			};
			name = Release;
		};
		30E19242281BCFD200CB74D4 /* Debug */ = {
			isa = XCBuildConfiguration;
			buildSettings = {
				ALWAYS_EMBED_SWIFT_STANDARD_LIBRARIES = YES;
				CODE_SIGN_STYLE = Automatic;
				CURRENT_PROJECT_VERSION = 1;
				DEVELOPMENT_TEAM = N4Y99Y6PT4;
				GENERATE_INFOPLIST_FILE = YES;
				MARKETING_VERSION = 1.0;
				PRODUCT_BUNDLE_IDENTIFIER = com.AliAghamirbabaei.MyAppUIKitTests;
				PRODUCT_NAME = "$(TARGET_NAME)";
				SWIFT_EMIT_LOC_STRINGS = NO;
				SWIFT_VERSION = 5.0;
				TARGETED_DEVICE_FAMILY = "1,2";
				TEST_HOST = "$(BUILT_PRODUCTS_DIR)/DepIn.app/DepIn";
			};
			name = Debug;
		};
		30E19243281BCFD200CB74D4 /* Release */ = {
			isa = XCBuildConfiguration;
			buildSettings = {
				ALWAYS_EMBED_SWIFT_STANDARD_LIBRARIES = YES;
				CODE_SIGN_STYLE = Automatic;
				CURRENT_PROJECT_VERSION = 1;
				DEVELOPMENT_TEAM = N4Y99Y6PT4;
				GENERATE_INFOPLIST_FILE = YES;
				MARKETING_VERSION = 1.0;
				PRODUCT_BUNDLE_IDENTIFIER = com.AliAghamirbabaei.MyAppUIKitTests;
				PRODUCT_NAME = "$(TARGET_NAME)";
				SWIFT_EMIT_LOC_STRINGS = NO;
				SWIFT_VERSION = 5.0;
				TARGETED_DEVICE_FAMILY = "1,2";
				TEST_HOST = "$(BUILT_PRODUCTS_DIR)/DepIn.app/DepIn";
			};
			name = Release;
		};
/* End XCBuildConfiguration section */

/* Begin XCConfigurationList section */
		30E191E1281BC6FB00CB74D4 /* Build configuration list for PBXProject "DepIn" */ = {
			isa = XCConfigurationList;
			buildConfigurations = (
				30E191F8281BC6FE00CB74D4 /* Debug */,
				30E191F9281BC6FE00CB74D4 /* Release */,
			);
			defaultConfigurationIsVisible = 0;
			defaultConfigurationName = Release;
		};
		30E191FA281BC6FE00CB74D4 /* Build configuration list for PBXNativeTarget "DepIn" */ = {
			isa = XCConfigurationList;
			buildConfigurations = (
				30E191FB281BC6FE00CB74D4 /* Debug */,
				30E191FC281BC6FE00CB74D4 /* Release */,
			);
			defaultConfigurationIsVisible = 0;
			defaultConfigurationName = Release;
		};
		30E19219281BCE2A00CB74D4 /* Build configuration list for PBXNativeTarget "APIKit" */ = {
			isa = XCConfigurationList;
			buildConfigurations = (
				30E1921A281BCE2A00CB74D4 /* Debug */,
				30E1921B281BCE2A00CB74D4 /* Release */,
			);
			defaultConfigurationIsVisible = 0;
			defaultConfigurationName = Release;
		};
		30E1921D281BCE2A00CB74D4 /* Build configuration list for PBXNativeTarget "APIKitTests" */ = {
			isa = XCConfigurationList;
			buildConfigurations = (
				30E1921E281BCE2A00CB74D4 /* Debug */,
				30E1921F281BCE2A00CB74D4 /* Release */,
			);
			defaultConfigurationIsVisible = 0;
			defaultConfigurationName = Release;
		};
		30E1923E281BCFD200CB74D4 /* Build configuration list for PBXNativeTarget "MyAppUIKit" */ = {
			isa = XCConfigurationList;
			buildConfigurations = (
				30E1923F281BCFD200CB74D4 /* Debug */,
				30E19240281BCFD200CB74D4 /* Release */,
			);
			defaultConfigurationIsVisible = 0;
			defaultConfigurationName = Release;
		};
		30E19241281BCFD200CB74D4 /* Build configuration list for PBXNativeTarget "MyAppUIKitTests" */ = {
			isa = XCConfigurationList;
			buildConfigurations = (
				30E19242281BCFD200CB74D4 /* Debug */,
				30E19243281BCFD200CB74D4 /* Release */,
			);
			defaultConfigurationIsVisible = 0;
			defaultConfigurationName = Release;
		};
/* End XCConfigurationList section */
	};
	rootObject = 30E191DE281BC6FB00CB74D4 /* Project object */;
}
